
Microsoft Visual Studio Solution File, Format Version 12.00
# Visual Studio Version 17
VisualStudioVersion = 17.2.32616.157
MinimumVisualStudioVersion = 10.0.40219.1
Project("{FAE04EC0-301F-11D3-BF4B-00C04F79EFBC}") = "GA.Api", "GA.Api\GA.Api.csproj", "{1370C375-9989-45F8-97B2-1F6C1704BA5B}"
EndProject
Project("{FAE04EC0-301F-11D3-BF4B-00C04F79EFBC}") = "GA.Api.LinearEquationSolver", "GA.Api.LinearEquationSolver\GA.Api.LinearEquationSolver.csproj", "{7CD3CE11-E26B-4C47-B0C2-6179C44DDDBC}"
EndProject
Project("{FAE04EC0-301F-11D3-BF4B-00C04F79EFBC}") = "GA.Api.PhraseEvolution", "GA.Api.PhraseEvolution\GA.Api.PhraseEvolution.csproj", "{2F07F475-CFCB-4747-9733-3FA2C2769093}"
EndProject
Project("{FAE04EC0-301F-11D3-BF4B-00C04F79EFBC}") = "GA.Api.PhraseEvolution.GUI", "GA.Api.PhraseEvolution.GUI\GA.Api.PhraseEvolution.GUI.csproj", "{39AB1CA4-AC39-47E5-BB9F-E44FF15B282B}"
EndProject
Project("{FAE04EC0-301F-11D3-BF4B-00C04F79EFBC}") = "GA.Api.CardsProblem", "GA.Api.CardsProblem\GA.Api.CardsProblem.csproj", "{4AC919E5-EEE3-496F-AA50-DCB9119584C6}"
EndProject
Project("{FAE04EC0-301F-11D3-BF4B-00C04F79EFBC}") = "GA.Api.8Queens", "GA.Api.8Queens\GA.Api.8Queens.csproj", "{EA779292-C19B-4368-BF70-5F28F9A49D69}"
EndProject
Project("{FAE04EC0-301F-11D3-BF4B-00C04F79EFBC}") = "GA.Api.TSP", "GA.Api.TSP\GA.Api.TSP.csproj", "{FF03D97C-945D-4D7E-A847-6B8B72AB83E5}"
EndProject
Project("{9A19103F-16F7-4668-BE54-9A1E7A4F7556}") = "GA.Api.Sudoku", "GA.Api.Sudoku\GA.Api.Sudoku.csproj", "{2EB66EE8-01E9-4FA8-94A2-01287D208857}"
EndProject
Project("{FAE04EC0-301F-11D3-BF4B-00C04F79EFBC}") = "GA.Api.Rectangles", "GA.Api.Rectangles.GUI\GA.Api.Rectangles.csproj", "{00692484-236B-4FA0-81D1-EED4AFF235A1}"
EndProject
Project("{9A19103F-16F7-4668-BE54-9A1E7A4F7556}") = "GA.Api.Rastrigin", "GA.Api.Rastrigin\GA.Api.Rastrigin.csproj", "{8A58E14D-832F-496F-A771-EC4067813A45}"
EndProject
Global
	GlobalSection(SolutionConfigurationPlatforms) = preSolution
		Debug|Any CPU = Debug|Any CPU
		Debug|x64 = Debug|x64
		Debug|x86 = Debug|x86
		Release|Any CPU = Release|Any CPU
		Release|x64 = Release|x64
		Release|x86 = Release|x86
	EndGlobalSection
	GlobalSection(ProjectConfigurationPlatforms) = postSolution
		{1370C375-9989-45F8-97B2-1F6C1704BA5B}.Debug|Any CPU.ActiveCfg = Debug|Any CPU
		{1370C375-9989-45F8-97B2-1F6C1704BA5B}.Debug|Any CPU.Build.0 = Debug|Any CPU
		{1370C375-9989-45F8-97B2-1F6C1704BA5B}.Debug|x64.ActiveCfg = Debug|Any CPU
		{1370C375-9989-45F8-97B2-1F6C1704BA5B}.Debug|x64.Build.0 = Debug|Any CPU
		{1370C375-9989-45F8-97B2-1F6C1704BA5B}.Debug|x86.ActiveCfg = Debug|Any CPU
		{1370C375-9989-45F8-97B2-1F6C1704BA5B}.Debug|x86.Build.0 = Debug|Any CPU
		{1370C375-9989-45F8-97B2-1F6C1704BA5B}.Release|Any CPU.ActiveCfg = Release|Any CPU
		{1370C375-9989-45F8-97B2-1F6C1704BA5B}.Release|Any CPU.Build.0 = Release|Any CPU
		{1370C375-9989-45F8-97B2-1F6C1704BA5B}.Release|x64.ActiveCfg = Release|Any CPU
		{1370C375-9989-45F8-97B2-1F6C1704BA5B}.Release|x64.Build.0 = Release|Any CPU
		{1370C375-9989-45F8-97B2-1F6C1704BA5B}.Release|x86.ActiveCfg = Release|Any CPU
		{1370C375-9989-45F8-97B2-1F6C1704BA5B}.Release|x86.Build.0 = Release|Any CPU
		{7CD3CE11-E26B-4C47-B0C2-6179C44DDDBC}.Debug|Any CPU.ActiveCfg = Debug|Any CPU
		{7CD3CE11-E26B-4C47-B0C2-6179C44DDDBC}.Debug|Any CPU.Build.0 = Debug|Any CPU
		{7CD3CE11-E26B-4C47-B0C2-6179C44DDDBC}.Debug|x64.ActiveCfg = Debug|Any CPU
		{7CD3CE11-E26B-4C47-B0C2-6179C44DDDBC}.Debug|x64.Build.0 = Debug|Any CPU
		{7CD3CE11-E26B-4C47-B0C2-6179C44DDDBC}.Debug|x86.ActiveCfg = Debug|Any CPU
		{7CD3CE11-E26B-4C47-B0C2-6179C44DDDBC}.Debug|x86.Build.0 = Debug|Any CPU
		{7CD3CE11-E26B-4C47-B0C2-6179C44DDDBC}.Release|Any CPU.ActiveCfg = Release|Any CPU
		{7CD3CE11-E26B-4C47-B0C2-6179C44DDDBC}.Release|Any CPU.Build.0 = Release|Any CPU
		{7CD3CE11-E26B-4C47-B0C2-6179C44DDDBC}.Release|x64.ActiveCfg = Release|Any CPU
		{7CD3CE11-E26B-4C47-B0C2-6179C44DDDBC}.Release|x64.Build.0 = Release|Any CPU
		{7CD3CE11-E26B-4C47-B0C2-6179C44DDDBC}.Release|x86.ActiveCfg = Release|Any CPU
		{7CD3CE11-E26B-4C47-B0C2-6179C44DDDBC}.Release|x86.Build.0 = Release|Any CPU
		{2F07F475-CFCB-4747-9733-3FA2C2769093}.Debug|Any CPU.ActiveCfg = Debug|Any CPU
		{2F07F475-CFCB-4747-9733-3FA2C2769093}.Debug|Any CPU.Build.0 = Debug|Any CPU
		{2F07F475-CFCB-4747-9733-3FA2C2769093}.Debug|x64.ActiveCfg = Debug|Any CPU
		{2F07F475-CFCB-4747-9733-3FA2C2769093}.Debug|x64.Build.0 = Debug|Any CPU
		{2F07F475-CFCB-4747-9733-3FA2C2769093}.Debug|x86.ActiveCfg = Debug|Any CPU
		{2F07F475-CFCB-4747-9733-3FA2C2769093}.Debug|x86.Build.0 = Debug|Any CPU
		{2F07F475-CFCB-4747-9733-3FA2C2769093}.Release|Any CPU.ActiveCfg = Release|Any CPU
		{2F07F475-CFCB-4747-9733-3FA2C2769093}.Release|Any CPU.Build.0 = Release|Any CPU
		{2F07F475-CFCB-4747-9733-3FA2C2769093}.Release|x64.ActiveCfg = Release|Any CPU
		{2F07F475-CFCB-4747-9733-3FA2C2769093}.Release|x64.Build.0 = Release|Any CPU
		{2F07F475-CFCB-4747-9733-3FA2C2769093}.Release|x86.ActiveCfg = Release|Any CPU
		{2F07F475-CFCB-4747-9733-3FA2C2769093}.Release|x86.Build.0 = Release|Any CPU
		{39AB1CA4-AC39-47E5-BB9F-E44FF15B282B}.Debug|Any CPU.ActiveCfg = Debug|Any CPU
		{39AB1CA4-AC39-47E5-BB9F-E44FF15B282B}.Debug|Any CPU.Build.0 = Debug|Any CPU
		{39AB1CA4-AC39-47E5-BB9F-E44FF15B282B}.Debug|x64.ActiveCfg = Debug|Any CPU
		{39AB1CA4-AC39-47E5-BB9F-E44FF15B282B}.Debug|x64.Build.0 = Debug|Any CPU
		{39AB1CA4-AC39-47E5-BB9F-E44FF15B282B}.Debug|x86.ActiveCfg = Debug|Any CPU
		{39AB1CA4-AC39-47E5-BB9F-E44FF15B282B}.Debug|x86.Build.0 = Debug|Any CPU
		{39AB1CA4-AC39-47E5-BB9F-E44FF15B282B}.Release|Any CPU.ActiveCfg = Release|Any CPU
		{39AB1CA4-AC39-47E5-BB9F-E44FF15B282B}.Release|Any CPU.Build.0 = Release|Any CPU
		{39AB1CA4-AC39-47E5-BB9F-E44FF15B282B}.Release|x64.ActiveCfg = Release|Any CPU
		{39AB1CA4-AC39-47E5-BB9F-E44FF15B282B}.Release|x64.Build.0 = Release|Any CPU
		{39AB1CA4-AC39-47E5-BB9F-E44FF15B282B}.Release|x86.ActiveCfg = Release|Any CPU
		{39AB1CA4-AC39-47E5-BB9F-E44FF15B282B}.Release|x86.Build.0 = Release|Any CPU
		{4AC919E5-EEE3-496F-AA50-DCB9119584C6}.Debug|Any CPU.ActiveCfg = Debug|Any CPU
		{4AC919E5-EEE3-496F-AA50-DCB9119584C6}.Debug|Any CPU.Build.0 = Debug|Any CPU
		{4AC919E5-EEE3-496F-AA50-DCB9119584C6}.Debug|x64.ActiveCfg = Debug|Any CPU
		{4AC919E5-EEE3-496F-AA50-DCB9119584C6}.Debug|x64.Build.0 = Debug|Any CPU
		{4AC919E5-EEE3-496F-AA50-DCB9119584C6}.Debug|x86.ActiveCfg = Debug|Any CPU
		{4AC919E5-EEE3-496F-AA50-DCB9119584C6}.Debug|x86.Build.0 = Debug|Any CPU
		{4AC919E5-EEE3-496F-AA50-DCB9119584C6}.Release|Any CPU.ActiveCfg = Release|Any CPU
		{4AC919E5-EEE3-496F-AA50-DCB9119584C6}.Release|Any CPU.Build.0 = Release|Any CPU
		{4AC919E5-EEE3-496F-AA50-DCB9119584C6}.Release|x64.ActiveCfg = Release|Any CPU
		{4AC919E5-EEE3-496F-AA50-DCB9119584C6}.Release|x64.Build.0 = Release|Any CPU
		{4AC919E5-EEE3-496F-AA50-DCB9119584C6}.Release|x86.ActiveCfg = Release|Any CPU
		{4AC919E5-EEE3-496F-AA50-DCB9119584C6}.Release|x86.Build.0 = Release|Any CPU
		{EA779292-C19B-4368-BF70-5F28F9A49D69}.Debug|Any CPU.ActiveCfg = Debug|Any CPU
		{EA779292-C19B-4368-BF70-5F28F9A49D69}.Debug|Any CPU.Build.0 = Debug|Any CPU
		{EA779292-C19B-4368-BF70-5F28F9A49D69}.Debug|x64.ActiveCfg = Debug|Any CPU
		{EA779292-C19B-4368-BF70-5F28F9A49D69}.Debug|x64.Build.0 = Debug|Any CPU
		{EA779292-C19B-4368-BF70-5F28F9A49D69}.Debug|x86.ActiveCfg = Debug|Any CPU
		{EA779292-C19B-4368-BF70-5F28F9A49D69}.Debug|x86.Build.0 = Debug|Any CPU
		{EA779292-C19B-4368-BF70-5F28F9A49D69}.Release|Any CPU.ActiveCfg = Release|Any CPU
		{EA779292-C19B-4368-BF70-5F28F9A49D69}.Release|Any CPU.Build.0 = Release|Any CPU
		{EA779292-C19B-4368-BF70-5F28F9A49D69}.Release|x64.ActiveCfg = Release|Any CPU
		{EA779292-C19B-4368-BF70-5F28F9A49D69}.Release|x64.Build.0 = Release|Any CPU
		{EA779292-C19B-4368-BF70-5F28F9A49D69}.Release|x86.ActiveCfg = Release|Any CPU
		{EA779292-C19B-4368-BF70-5F28F9A49D69}.Release|x86.Build.0 = Release|Any CPU
		{FF03D97C-945D-4D7E-A847-6B8B72AB83E5}.Debug|Any CPU.ActiveCfg = Debug|Any CPU
		{FF03D97C-945D-4D7E-A847-6B8B72AB83E5}.Debug|Any CPU.Build.0 = Debug|Any CPU
		{FF03D97C-945D-4D7E-A847-6B8B72AB83E5}.Debug|x64.ActiveCfg = Debug|Any CPU
		{FF03D97C-945D-4D7E-A847-6B8B72AB83E5}.Debug|x64.Build.0 = Debug|Any CPU
		{FF03D97C-945D-4D7E-A847-6B8B72AB83E5}.Debug|x86.ActiveCfg = Debug|Any CPU
		{FF03D97C-945D-4D7E-A847-6B8B72AB83E5}.Debug|x86.Build.0 = Debug|Any CPU
		{FF03D97C-945D-4D7E-A847-6B8B72AB83E5}.Release|Any CPU.ActiveCfg = Release|Any CPU
		{FF03D97C-945D-4D7E-A847-6B8B72AB83E5}.Release|Any CPU.Build.0 = Release|Any CPU
		{FF03D97C-945D-4D7E-A847-6B8B72AB83E5}.Release|x64.ActiveCfg = Release|Any CPU
		{FF03D97C-945D-4D7E-A847-6B8B72AB83E5}.Release|x64.Build.0 = Release|Any CPU
		{FF03D97C-945D-4D7E-A847-6B8B72AB83E5}.Release|x86.ActiveCfg = Release|Any CPU
		{FF03D97C-945D-4D7E-A847-6B8B72AB83E5}.Release|x86.Build.0 = Release|Any CPU
		{2EB66EE8-01E9-4FA8-94A2-01287D208857}.Debug|Any CPU.ActiveCfg = Debug|Any CPU
		{2EB66EE8-01E9-4FA8-94A2-01287D208857}.Debug|Any CPU.Build.0 = Debug|Any CPU
		{2EB66EE8-01E9-4FA8-94A2-01287D208857}.Debug|x64.ActiveCfg = Debug|Any CPU
		{2EB66EE8-01E9-4FA8-94A2-01287D208857}.Debug|x64.Build.0 = Debug|Any CPU
		{2EB66EE8-01E9-4FA8-94A2-01287D208857}.Debug|x86.ActiveCfg = Debug|Any CPU
		{2EB66EE8-01E9-4FA8-94A2-01287D208857}.Debug|x86.Build.0 = Debug|Any CPU
		{2EB66EE8-01E9-4FA8-94A2-01287D208857}.Release|Any CPU.ActiveCfg = Release|Any CPU
		{2EB66EE8-01E9-4FA8-94A2-01287D208857}.Release|Any CPU.Build.0 = Release|Any CPU
		{2EB66EE8-01E9-4FA8-94A2-01287D208857}.Release|x64.ActiveCfg = Release|Any CPU
		{2EB66EE8-01E9-4FA8-94A2-01287D208857}.Release|x64.Build.0 = Release|Any CPU
		{2EB66EE8-01E9-4FA8-94A2-01287D208857}.Release|x86.ActiveCfg = Release|Any CPU
		{2EB66EE8-01E9-4FA8-94A2-01287D208857}.Release|x86.Build.0 = Release|Any CPU
		{00692484-236B-4FA0-81D1-EED4AFF235A1}.Debug|Any CPU.ActiveCfg = Debug|Any CPU
		{00692484-236B-4FA0-81D1-EED4AFF235A1}.Debug|Any CPU.Build.0 = Debug|Any CPU
		{00692484-236B-4FA0-81D1-EED4AFF235A1}.Debug|x64.ActiveCfg = Debug|Any CPU
		{00692484-236B-4FA0-81D1-EED4AFF235A1}.Debug|x64.Build.0 = Debug|Any CPU
		{00692484-236B-4FA0-81D1-EED4AFF235A1}.Debug|x86.ActiveCfg = Debug|Any CPU
		{00692484-236B-4FA0-81D1-EED4AFF235A1}.Debug|x86.Build.0 = Debug|Any CPU
		{00692484-236B-4FA0-81D1-EED4AFF235A1}.Release|Any CPU.ActiveCfg = Release|Any CPU
		{00692484-236B-4FA0-81D1-EED4AFF235A1}.Release|Any CPU.Build.0 = Release|Any CPU
		{00692484-236B-4FA0-81D1-EED4AFF235A1}.Release|x64.ActiveCfg = Release|Any CPU
		{00692484-236B-4FA0-81D1-EED4AFF235A1}.Release|x64.Build.0 = Release|Any CPU
		{00692484-236B-4FA0-81D1-EED4AFF235A1}.Release|x86.ActiveCfg = Release|Any CPU
		{00692484-236B-4FA0-81D1-EED4AFF235A1}.Release|x86.Build.0 = Release|Any CPU
		{8A58E14D-832F-496F-A771-EC4067813A45}.Debug|Any CPU.ActiveCfg = Debug|Any CPU
		{8A58E14D-832F-496F-A771-EC4067813A45}.Debug|Any CPU.Build.0 = Debug|Any CPU
		{8A58E14D-832F-496F-A771-EC4067813A45}.Debug|x64.ActiveCfg = Debug|Any CPU
		{8A58E14D-832F-496F-A771-EC4067813A45}.Debug|x64.Build.0 = Debug|Any CPU
		{8A58E14D-832F-496F-A771-EC4067813A45}.Debug|x86.ActiveCfg = Debug|Any CPU
		{8A58E14D-832F-496F-A771-EC4067813A45}.Debug|x86.Build.0 = Debug|Any CPU
		{8A58E14D-832F-496F-A771-EC4067813A45}.Release|Any CPU.ActiveCfg = Release|Any CPU
		{8A58E14D-832F-496F-A771-EC4067813A45}.Release|Any CPU.Build.0 = Release|Any CPU
		{8A58E14D-832F-496F-A771-EC4067813A45}.Release|x64.ActiveCfg = Release|Any CPU
		{8A58E14D-832F-496F-A771-EC4067813A45}.Release|x64.Build.0 = Release|Any CPU
		{8A58E14D-832F-496F-A771-EC4067813A45}.Release|x86.ActiveCfg = Release|Any CPU
		{8A58E14D-832F-496F-A771-EC4067813A45}.Release|x86.Build.0 = Release|Any CPU
	EndGlobalSection
	GlobalSection(SolutionProperties) = preSolution
		HideSolutionNode = FALSE
	EndGlobalSection
	GlobalSection(ExtensibilityGlobals) = postSolution
		SolutionGuid = {21F9A098-9840-44B6-A7B6-9F801FC6A5B9}
	EndGlobalSection
EndGlobal
